
Microsoft Visual Studio Solution File, Format Version 12.00
# Visual Studio Version 16
VisualStudioVersion = 16.0.31112.23
MinimumVisualStudioVersion = 10.0.40219.1
Project("{9A19103F-16F7-4668-BE54-9A1E7A4F7556}") = "Unit", "PharmacyISS\Unit.csproj", "{06B1C623-ED1F-4799-AD63-B465BBBC5383}"
EndProject
Project("{FAE04EC0-301F-11D3-BF4B-00C04F79EFBC}") = "Pharmacy", "Pharmacy\Pharmacy.csproj", "{A0726741-C97A-4282-A9B6-D20032FCB3DB}"
EndProject
Global
	GlobalSection(SolutionConfigurationPlatforms) = preSolution
		Debug|Any CPU = Debug|Any CPU
		Release|Any CPU = Release|Any CPU
	EndGlobalSection
	GlobalSection(ProjectConfigurationPlatforms) = postSolution
		{06B1C623-ED1F-4799-AD63-B465BBBC5383}.Debug|Any CPU.ActiveCfg = Debug|Any CPU
		{06B1C623-ED1F-4799-AD63-B465BBBC5383}.Debug|Any CPU.Build.0 = Debug|Any CPU
		{06B1C623-ED1F-4799-AD63-B465BBBC5383}.Release|Any CPU.ActiveCfg = Release|Any CPU
		{06B1C623-ED1F-4799-AD63-B465BBBC5383}.Release|Any CPU.Build.0 = Release|Any CPU
		{A0726741-C97A-4282-A9B6-D20032FCB3DB}.Debug|Any CPU.ActiveCfg = Debug|Any CPU
		{A0726741-C97A-4282-A9B6-D20032FCB3DB}.Debug|Any CPU.Build.0 = Debug|Any CPU
		{A0726741-C97A-4282-A9B6-D20032FCB3DB}.Release|Any CPU.ActiveCfg = Release|Any CPU
		{A0726741-C97A-4282-A9B6-D20032FCB3DB}.Release|Any CPU.Build.0 = Release|Any CPU
	EndGlobalSection
	GlobalSection(SolutionProperties) = preSolution
		HideSolutionNode = FALSE
	EndGlobalSection
	GlobalSection(ExtensibilityGlobals) = postSolution
		SolutionGuid = {F1CEB5B9-5CA2-436E-BDE3-687DCDBE85CC}
	EndGlobalSection
EndGlobal
